{
  "version": "3",
  "packages": {
    "specifiers": {
      "jsr:@b-fuze/deno-dom@0.1.47": "jsr:@b-fuze/deno-dom@0.1.47",
      "jsr:@db/sqlite@0.12.0": "jsr:@db/sqlite@0.12.0",
      "jsr:@denosaurs/plug@1": "jsr:@denosaurs/plug@1.0.6",
      "jsr:@hono/hono@4.5.8": "jsr:@hono/hono@4.5.8",
      "jsr:@m4rc3l05/feed-normalizer@0.1.8": "jsr:@m4rc3l05/feed-normalizer@0.1.8",
      "jsr:@m4rc3l05/process-lifecycle@0.1.0": "jsr:@m4rc3l05/process-lifecycle@0.1.0",
      "jsr:@m4rc3l05/requester@0.5.0": "jsr:@m4rc3l05/requester@0.5.0",
      "jsr:@m4rc3l05/sqlite-tag@0.2.0": "jsr:@m4rc3l05/sqlite-tag@0.2.0",
      "jsr:@std/assert@^0.217.0": "jsr:@std/assert@0.217.0",
      "jsr:@std/assert@^0.221.0": "jsr:@std/assert@0.221.0",
      "jsr:@std/async@1.0.3": "jsr:@std/async@1.0.3",
      "jsr:@std/bytes@^1.0.2-rc.3": "jsr:@std/bytes@1.0.2",
      "jsr:@std/collections@1.0.5": "jsr:@std/collections@1.0.5",
      "jsr:@std/encoding@1.0.2": "jsr:@std/encoding@1.0.2",
      "jsr:@std/encoding@^0.221.0": "jsr:@std/encoding@0.221.0",
      "jsr:@std/fmt@^0.221.0": "jsr:@std/fmt@0.221.0",
      "jsr:@std/fmt@^1.0.0-rc.1": "jsr:@std/fmt@1.0.1",
      "jsr:@std/fs@^0.221.0": "jsr:@std/fs@0.221.0",
      "jsr:@std/fs@^1.0.0-rc.5": "jsr:@std/fs@1.0.2",
      "jsr:@std/html@0.224.0": "jsr:@std/html@0.224.0",
      "jsr:@std/html@1.0.1": "jsr:@std/html@1.0.1",
      "jsr:@std/io@^0.224.3": "jsr:@std/io@0.224.6",
      "jsr:@std/log@0.224.5": "jsr:@std/log@0.224.5",
      "jsr:@std/path@0.217": "jsr:@std/path@0.217.0",
      "jsr:@std/path@^0.221.0": "jsr:@std/path@0.221.0",
      "jsr:@std/streams@1.0.2": "jsr:@std/streams@1.0.2",
      "jsr:@std/text@1.0.3": "jsr:@std/text@1.0.3",
      "npm:@mozilla/readability@0.5.0": "npm:@mozilla/readability@0.5.0",
      "npm:@vinejs/vine@2.1.0": "npm:@vinejs/vine@2.1.0",
      "npm:config@3.3.12": "npm:config@3.3.12",
      "npm:fast-xml-parser@4.3.6": "npm:fast-xml-parser@4.3.6",
      "npm:fast-xml-parser@4.4.1": "npm:fast-xml-parser@4.4.1",
      "npm:lodash-es@4.17.21": "npm:lodash-es@4.17.21",
      "npm:radash@12.1.0": "npm:radash@12.1.0",
      "npm:simpledotcss@2.3.2": "npm:simpledotcss@2.3.2"
    },
    "jsr": {
      "@b-fuze/deno-dom@0.1.47": {
        "integrity": "270a888de91329f8ce3849211ece0ad97ce1e8b9a8a774f2bed2f43c8b0ffe8e"
      },
      "@db/sqlite@0.12.0": {
        "integrity": "dd1ef7f621ad50fc1e073a1c3609c4470bd51edc0994139c5bf9851de7a6d85f",
        "dependencies": [
          "jsr:@denosaurs/plug@1",
          "jsr:@std/path@0.217"
        ]
      },
      "@denosaurs/plug@1.0.6": {
        "integrity": "6cf5b9daba7799837b9ffbe89f3450510f588fafef8115ddab1ff0be9cb7c1a7",
        "dependencies": [
          "jsr:@std/encoding@^0.221.0",
          "jsr:@std/fmt@^0.221.0",
          "jsr:@std/fs@^0.221.0",
          "jsr:@std/path@^0.221.0"
        ]
      },
      "@hono/hono@4.5.8": {
        "integrity": "60f5b4c61edae2016022d6087b4fc381f378d337f046f56e00a3a3512c7e9c16"
      },
      "@m4rc3l05/feed-normalizer@0.1.8": {
        "integrity": "e5f530bc9f2fd0a82b54ced89abac6f601c7cf6b3e250400fcd3ddd632bcd5ed",
        "dependencies": [
          "jsr:@std/html@0.224.0",
          "npm:fast-xml-parser@4.3.6",
          "npm:radash@12.1.0"
        ]
      },
      "@m4rc3l05/process-lifecycle@0.1.0": {
        "integrity": "f900dfe4d28e8418a0d62f7636f8a3315b7b87a142a059fb50f62aa415d7585b"
      },
      "@m4rc3l05/requester@0.5.0": {
        "integrity": "e54fc9197b15bd2e70b739439f85394edd43fbb22934f04cd7d8384aa18ca417"
      },
      "@m4rc3l05/sqlite-tag@0.2.0": {
        "integrity": "0d171b68807337d0da93ca0d0764bdc0cdfd1d48b65d8a935ac360e8be41c818"
      },
      "@std/assert@0.217.0": {
        "integrity": "c98e279362ca6982d5285c3b89517b757c1e3477ee9f14eb2fdf80a45aaa9642"
      },
      "@std/assert@0.221.0": {
        "integrity": "a5f1aa6e7909dbea271754fd4ab3f4e687aeff4873b4cef9a320af813adb489a"
      },
      "@std/async@1.0.3": {
        "integrity": "6ed64678db43451683c6c176a21426a2ccd21ba0269ebb2c36133ede3f165792"
      },
      "@std/bytes@1.0.2": {
        "integrity": "fbdee322bbd8c599a6af186a1603b3355e59a5fb1baa139f8f4c3c9a1b3e3d57"
      },
      "@std/collections@1.0.5": {
        "integrity": "ab9eac23b57a0c0b89ba45134e61561f69f3d001f37235a248ed40be260c0c10"
      },
      "@std/encoding@0.221.0": {
        "integrity": "d1dd76ef0dc5d14088411e6dc1dede53bf8308c95d1537df1214c97137208e45"
      },
      "@std/encoding@1.0.2": {
        "integrity": "7ed640c777e3275550e2cd937c440acdbebfdcd2d13ef67052f0536bf43e707f"
      },
      "@std/fmt@0.221.0": {
        "integrity": "379fed69bdd9731110f26b9085aeb740606b20428ce6af31ef6bd45ef8efa62a"
      },
      "@std/fmt@1.0.0": {
        "integrity": "8a95c9fdbb61559418ccbc0f536080cf43341655e1444f9d375a66886ceaaa3d"
      },
      "@std/fmt@1.0.1": {
        "integrity": "ef76c37faa7720faa8c20fd8cc74583f9b1e356dfd630c8714baa716a45856ab"
      },
      "@std/fs@0.221.0": {
        "integrity": "028044450299de8ed5a716ade4e6d524399f035513b85913794f4e81f07da286",
        "dependencies": [
          "jsr:@std/assert@^0.221.0",
          "jsr:@std/path@^0.221.0"
        ]
      },
      "@std/fs@1.0.1": {
        "integrity": "d6914ca2c21abe591f733b31dbe6331e446815e513e2451b3b9e472daddfefcb"
      },
      "@std/fs@1.0.2": {
        "integrity": "af57555c7a224a6f147d5cced5404692974f7a628ced8eda67e0d22d92d474ec"
      },
      "@std/html@0.224.0": {
        "integrity": "f529bb01fadc6da1cd3b8d4ad3991458f0a2a491b7cfb1770a9e10fcc8f9ffcd"
      },
      "@std/html@1.0.1": {
        "integrity": "75d30527251f3ef5ab6d405302f8b3cb0b67cbf836964e207cf604adc01d2cfb"
      },
      "@std/io@0.224.5": {
        "integrity": "cb84fe655d1273fca94efcff411465027a8b0b4225203f19d6ee98d9c8920a2d"
      },
      "@std/io@0.224.6": {
        "integrity": "eefe034a370be34daf066c8634dd645635d099bb21eccf110f0bdc28d9040891"
      },
      "@std/log@0.224.5": {
        "integrity": "4612a45189438441bbd923a4cad1cce5c44c6c4a039195a3e8d831ce38894eee",
        "dependencies": [
          "jsr:@std/fmt@^1.0.0-rc.1",
          "jsr:@std/fs@^1.0.0-rc.5",
          "jsr:@std/io@^0.224.3"
        ]
      },
      "@std/path@0.217.0": {
        "integrity": "1217cc25534bca9a2f672d7fe7c6f356e4027df400c0e85c0ef3e4343bc67d11",
        "dependencies": [
          "jsr:@std/assert@^0.217.0"
        ]
      },
      "@std/path@0.221.0": {
        "integrity": "0a36f6b17314ef653a3a1649740cc8db51b25a133ecfe838f20b79a56ebe0095",
        "dependencies": [
          "jsr:@std/assert@^0.221.0"
        ]
      },
      "@std/streams@1.0.2": {
        "integrity": "187c3c875675221f5355807a735e51b0f8769caade2cbca6d7f4fa710ea4ace4",
        "dependencies": [
          "jsr:@std/bytes@^1.0.2-rc.3"
        ]
      },
      "@std/text@1.0.3": {
        "integrity": "8cf4a53fbd2eaabb9cff862f6940bfd6a687de49654a4370df84374f1e34b121"
      }
    },
    "npm": {
      "@mozilla/readability@0.5.0": {
        "integrity": "sha512-Z+CZ3QaosfFaTqvhQsIktyGrjFjSC0Fa4EMph4mqKnWhmyoGICsV/8QK+8HpXut6zV7zwfWwqDmEjtk1Qf6EgQ==",
        "dependencies": {}
      },
      "@poppinss/macroable@1.0.2": {
        "integrity": "sha512-xhhEcEvhQC8mP5oOr5hbE4CmUgmw/IPV1jhpGg2xSkzoFrt9i8YVqBQt9744EFesi5F7pBheWozg63RUBM/5JA==",
        "dependencies": {}
      },
      "@types/validator@13.12.0": {
        "integrity": "sha512-nH45Lk7oPIJ1RVOF6JgFI6Dy0QpHEzq4QecZhvguxYPDwT8c93prCMqAtiIttm39voZ+DDR+qkNnMpJmMBRqag==",
        "dependencies": {}
      },
      "@vinejs/compiler@2.5.0": {
        "integrity": "sha512-hg4ekaB5Y2zh+IWzBiC/WCDWrIfpVnKu/ubUvelKlidc/VbulsexoFRw5kJGHZenPVI5YzNnDeTdYSALkTV7jQ==",
        "dependencies": {}
      },
      "@vinejs/vine@2.1.0": {
        "integrity": "sha512-09aJ2OauxpblqiNqd8qC9RAzzm5SV6fTqZhE4e25j4cM7fmNoXRTjM7Oo8llFADMO4eSA44HqYEO3mkRRYdbYw==",
        "dependencies": {
          "@poppinss/macroable": "@poppinss/macroable@1.0.2",
          "@types/validator": "@types/validator@13.12.0",
          "@vinejs/compiler": "@vinejs/compiler@2.5.0",
          "camelcase": "camelcase@8.0.0",
          "dayjs": "dayjs@1.11.13",
          "dlv": "dlv@1.1.3",
          "normalize-url": "normalize-url@8.0.1",
          "validator": "validator@13.12.0"
        }
      },
      "camelcase@8.0.0": {
        "integrity": "sha512-8WB3Jcas3swSvjIeA2yvCJ+Miyz5l1ZmB6HFb9R1317dt9LCQoswg/BGrmAmkWVEszSrrg4RwmO46qIm2OEnSA==",
        "dependencies": {}
      },
      "config@3.3.12": {
        "integrity": "sha512-Vmx389R/QVM3foxqBzXO8t2tUikYZP64Q6vQxGrsMpREeJc/aWRnPRERXWsYzOHAumx/AOoILWe6nU3ZJL+6Sw==",
        "dependencies": {
          "json5": "json5@2.2.3"
        }
      },
      "dayjs@1.11.13": {
        "integrity": "sha512-oaMBel6gjolK862uaPQOVTA7q3TZhuSvuMQAAglQDOWYO9A91IrAOUJEyKVlqJlHE0vq5p5UXxzdPfMH/x6xNg==",
        "dependencies": {}
      },
      "dlv@1.1.3": {
        "integrity": "sha512-+HlytyjlPKnIG8XuRG8WvmBP8xs8P71y+SKKS6ZXWoEgLuePxtDoUEiH7WkdePWrQ5JBpE6aoVqfZfJUQkjXwA==",
        "dependencies": {}
      },
      "fast-xml-parser@4.3.6": {
        "integrity": "sha512-M2SovcRxD4+vC493Uc2GZVcZaj66CCJhWurC4viynVSTvrpErCShNcDz1lAho6n9REQKvL/ll4A4/fw6Y9z8nw==",
        "dependencies": {
          "strnum": "strnum@1.0.5"
        }
      },
      "fast-xml-parser@4.4.1": {
        "integrity": "sha512-xkjOecfnKGkSsOwtZ5Pz7Us/T6mrbPQrq0nh+aCO5V9nk5NLWmasAHumTKjiPJPWANe+kAZ84Jc8ooJkzZ88Sw==",
        "dependencies": {
          "strnum": "strnum@1.0.5"
        }
      },
      "json5@2.2.3": {
        "integrity": "sha512-XmOWe7eyHYH14cLdVPoyg+GOH3rYX++KpzrylJwSW98t3Nk+U8XOl8FWKOgwtzdb8lXGf6zYwDUzeHMWfxasyg==",
        "dependencies": {}
      },
      "lodash-es@4.17.21": {
        "integrity": "sha512-mKnC+QJ9pWVzv+C4/U3rRsHapFfHvQFoFB92e52xeyGMcX6/OlIl78je1u8vePzYZSkkogMPJ2yjxxsb89cxyw==",
        "dependencies": {}
      },
      "normalize-url@8.0.1": {
        "integrity": "sha512-IO9QvjUMWxPQQhs60oOu10CRkWCiZzSUkzbXGGV9pviYl1fXYcvkzQ5jV9z8Y6un8ARoVRl4EtC6v6jNqbaJ/w==",
        "dependencies": {}
      },
      "radash@12.1.0": {
        "integrity": "sha512-b0Zcf09AhqKS83btmUeYBS8tFK7XL2e3RvLmZcm0sTdF1/UUlHSsjXdCcWNxe7yfmAlPve5ym0DmKGtTzP6kVQ==",
        "dependencies": {}
      },
      "simpledotcss@2.3.2": {
        "integrity": "sha512-/LoZHX66g+DDj1HzinshbSujFKQ+VP3t9cE1+aTtKCQCXJMNWKiVRZlpXMXCamnGquQOwgeMZsAtvdZd5hdpdQ==",
        "dependencies": {}
      },
      "strnum@1.0.5": {
        "integrity": "sha512-J8bbNyKKXl5qYcR36TIO8W3mVGVHrmmxsd5PAItGkmyzwJvybiw2IVq5nqd0i4LSNSkB/sx9VHllbfFdr9k1JA==",
        "dependencies": {}
      },
      "validator@13.12.0": {
        "integrity": "sha512-c1Q0mCiPlgdTVVVIJIrBuxNicYE+t/7oKeI9MWLj3fh/uq2Pxh/3eeWbVZ4OcGW1TUf53At0njHw5SMdA3tmMg==",
        "dependencies": {}
      }
    }
  },
  "remote": {},
  "workspace": {
    "dependencies": [
      "jsr:@b-fuze/deno-dom@0.1.47",
      "jsr:@db/sqlite@0.12.0",
      "jsr:@hono/hono@4.5.8",
      "jsr:@m4rc3l05/feed-normalizer@0.1.8",
      "jsr:@m4rc3l05/process-lifecycle@0.1.0",
      "jsr:@m4rc3l05/requester@0.5.0",
      "jsr:@m4rc3l05/sqlite-tag@0.2.0",
      "jsr:@std/async@1.0.3",
      "jsr:@std/collections@1.0.5",
      "jsr:@std/encoding@1.0.2",
      "jsr:@std/html@1.0.1",
      "jsr:@std/log@0.224.5",
      "jsr:@std/streams@1.0.2",
      "jsr:@std/text@1.0.3",
      "npm:@mozilla/readability@0.5.0",
      "npm:@vinejs/vine@2.1.0",
      "npm:config@3.3.12",
      "npm:fast-xml-parser@4.4.1",
      "npm:lodash-es@4.17.21",
      "npm:simpledotcss@2.3.2"
    ]
  }
}
